
Microsoft Visual Studio Solution File, Format Version 12.00
# Visual Studio 15
Project("{FAE04EC0-301F-11D3-BF4B-00C04F79EFBC}") = "EmailExtraction", "EmailExtraction\EmailExtraction.csproj", "{D3C1845F-FF91-4379-A2CF-0C327E0DAD89}"
EndProject
Global
	GlobalSection(SolutionConfigurationPlatforms) = preSolution
		Debug|Any CPU = Debug|Any CPU
		Release|Any CPU = Release|Any CPU
	EndGlobalSection
	GlobalSection(ProjectConfigurationPlatforms) = postSolution
		{D3C1845F-FF91-4379-A2CF-0C327E0DAD89}.Debug|Any CPU.ActiveCfg = Debug|Any CPU
		{D3C1845F-FF91-4379-A2CF-0C327E0DAD89}.Debug|Any CPU.Build.0 = Debug|Any CPU
		{D3C1845F-FF91-4379-A2CF-0C327E0DAD89}.Release|Any CPU.ActiveCfg = Release|Any CPU
		{D3C1845F-FF91-4379-A2CF-0C327E0DAD89}.Release|Any CPU.Build.0 = Release|Any CPU
	EndGlobalSection
EndGlobal
